
Microsoft Visual Studio Solution File, Format Version 12.00
# Visual Studio 15
VisualStudioVersion = 15.0.27428.2005
MinimumVisualStudioVersion = 10.0.40219.1
Project("{FAE04EC0-301F-11D3-BF4B-00C04F79EFBC}") = "Shopping", "Shopping\Shopping.csproj", "{C0F44FE5-9690-4615-9341-17248A1808C5}"
EndProject
Global
	GlobalSection(SolutionConfigurationPlatforms) = preSolution
		Debug|Any CPU = Debug|Any CPU
		Release|Any CPU = Release|Any CPU
	EndGlobalSection
	GlobalSection(ProjectConfigurationPlatforms) = postSolution
		{C0F44FE5-9690-4615-9341-17248A1808C5}.Debug|Any CPU.ActiveCfg = Debug|Any CPU
		{C0F44FE5-9690-4615-9341-17248A1808C5}.Debug|Any CPU.Build.0 = Debug|Any CPU
		{C0F44FE5-9690-4615-9341-17248A1808C5}.Release|Any CPU.ActiveCfg = Release|Any CPU
		{C0F44FE5-9690-4615-9341-17248A1808C5}.Release|Any CPU.Build.0 = Release|Any CPU
	EndGlobalSection
	GlobalSection(SolutionProperties) = preSolution
		HideSolutionNode = FALSE
	EndGlobalSection
	GlobalSection(ExtensibilityGlobals) = postSolution
		SolutionGuid = {F44CA943-1E36-4BC1-A314-18FC25F252AC}
	EndGlobalSection
EndGlobal
